# This file was autogenerated by Stack.
# You should not edit this file by hand.
# For more information, please see the documentation at:
#   https://docs.haskellstack.org/en/stable/lock_files

packages:
- completed:
    hackage: butcher-1.3.2.3@sha256:1b8040eddb6da2a05426bf9f6c56b078e629228d64d7d61fb3daa88802487e1b,3262
    pantry-tree:
      size: 1197
      sha256: 6bf3a318bd8689bd1fa7a8084c0d96372768d2dc3e30d9aa58d07741ed6816e6
  original:
    hackage: butcher-1.3.2.3@sha256:1b8040eddb6da2a05426bf9f6c56b078e629228d64d7d61fb3daa88802487e1b,3262
- completed:
    hackage: multistate-0.8.0.2@sha256:fbb0d8ade9ef73c8ed92488f5804d0ebe75d3a9c24bf53452bc3a4f32b34cb2e,3713
    pantry-tree:
      size: 2143
      sha256: 1753828d37b456e1e0241766d893b29f385ef7769fa79610f507b747935b77cb
  original:
    hackage: multistate-0.8.0.2@sha256:fbb0d8ade9ef73c8ed92488f5804d0ebe75d3a9c24bf53452bc3a4f32b34cb2e,3713
- completed:
    hackage: deque-0.4.3@sha256:b988c70a1599b10c7cb643e9c8b0ae4d0166bb2f39c1e13c06a0aeaff29bd9cb,1873
    pantry-tree:
      size: 807
      sha256: a8663cbce37a72147c24c9769accef906cda6ca23f8127f5b893f94ac45b3c94
  original:
    hackage: deque-0.4.3@sha256:b988c70a1599b10c7cb643e9c8b0ae4d0166bb2f39c1e13c06a0aeaff29bd9cb,1873
- completed:
    hackage: strict-list-0.1.5@sha256:7a613f1217f9076f19e80b8b61aa071fea7e853de999d2fb72a7edae2033d85e,1653
    pantry-tree:
      size: 341
      sha256: 72ef308ebcbfd30f17041f0ddd04d8b01811f6623dc3671bada006ce5e20d684
  original:
    hackage: strict-list-0.1.5@sha256:7a613f1217f9076f19e80b8b61aa071fea7e853de999d2fb72a7edae2033d85e,1653
snapshots:
- completed:
    size: 495206
    url: https://raw.githubusercontent.com/commercialhaskell/stackage-snapshots/master/lts/13/7.yaml
    sha256: 3a5f3259a455fcd80ef9b37a432f0ac396f7a909069d69bb7271e0cbb61efd46
  original: lts-13.7
